
Microsoft Visual Studio Solution File, Format Version 12.00
# Visual Studio 15
VisualStudioVersion = 15.0.26730.12
MinimumVisualStudioVersion = 10.0.40219.1
Project("{9A19103F-16F7-4668-BE54-9A1E7A4F7556}") = "Pentagon.Maths", "src\Pentagon.Maths\Pentagon.Maths.csproj", "{ECA1D9C0-38CF-421F-B9A3-EE094CB6651E}"
EndProject
Project("{9A19103F-16F7-4668-BE54-9A1E7A4F7556}") = "Pentagon.Design", "src\Pentagon.Design\Pentagon.Design.csproj", "{F7AFCAB8-DB33-45CC-9F3C-83E67386CCFC}"
EndProject
Project("{2150E333-8FDC-42A3-9474-1A3956D46DE8}") = "Tests", "Tests", "{B7A6AD43-9A7A-4434-92FD-447222C8714D}"
EndProject
Project("{9A19103F-16F7-4668-BE54-9A1E7A4F7556}") = "Pentagon.Design.Tests", "tests\Pentagon.Design.Tests\Pentagon.Design.Tests.csproj", "{577D8FC1-ACB8-4E3E-BDFB-655623E82232}"
EndProject
Project("{9A19103F-16F7-4668-BE54-9A1E7A4F7556}") = "Pentagon.Utilities.Data", "src\Pentagon.Utilities.Data\Pentagon.Utilities.Data.csproj", "{49968A01-9DD5-424A-8562-B29A29CFA8D8}"
EndProject
Project("{9A19103F-16F7-4668-BE54-9A1E7A4F7556}") = "Pentagon.TraktTvApi", "src\Pentagon.TraktTvApi\Pentagon.TraktTvApi.csproj", "{8EB153F0-09A7-4C36-BCA9-78A638573506}"
EndProject
Project("{FAE04EC0-301F-11D3-BF4B-00C04F79EFBC}") = "Pentagon.Windows", "src\Pentagon.Windows\Pentagon.Windows.csproj", "{E45FBB92-13A7-4754-A584-3BCAAE0884A0}"
EndProject
Project("{9A19103F-16F7-4668-BE54-9A1E7A4F7556}") = "Pentagon.Maths.Tests", "tests\Pentagon.Maths.Tests\Pentagon.Maths.Tests.csproj", "{4C50C6A1-A7D8-4306-B434-38BD97857A54}"
EndProject
Project("{2150E333-8FDC-42A3-9474-1A3956D46DE8}") = "Samples", "Samples", "{14A526D6-E6D5-47F4-8B51-0F5AF4DBD444}"
EndProject
Project("{9A19103F-16F7-4668-BE54-9A1E7A4F7556}") = "Pentagon.Utilities.Console.Demo", "samples\Pentagon.Utilities.Console.Demo\Pentagon.Utilities.Console.Demo.csproj", "{62E83F4C-8951-41E0-8106-25750936AB14}"
EndProject
Project("{9A19103F-16F7-4668-BE54-9A1E7A4F7556}") = "Pentagon.Utilities.Console", "src\Pentagon.Utilities.Console\Pentagon.Utilities.Console.csproj", "{0B0E4DF4-4AC6-413F-A7AE-032ED51700CA}"
EndProject
Project("{9A19103F-16F7-4668-BE54-9A1E7A4F7556}") = "Pentagon.Design.Material", "src\Pentagon.Design.Material\Pentagon.Design.Material.csproj", "{D933F702-5103-4E79-B4D4-B67668506107}"
EndProject
Project("{9A19103F-16F7-4668-BE54-9A1E7A4F7556}") = "Pentagon.Data.EntityFramework.Abstractions", "src\Pentagon.Data.EntityFramework.Abstractions\Pentagon.Data.EntityFramework.Abstractions.csproj", "{E992E033-6960-4402-90D6-84062B71EFE9}"
EndProject
Project("{9A19103F-16F7-4668-BE54-9A1E7A4F7556}") = "Pentagon.Data.EntityFramework", "src\Pentagon.Data.EntityFramework\Pentagon.Data.EntityFramework.csproj", "{B2994854-C21C-4785-954E-43C79869727E}"
EndProject
Project("{FAE04EC0-301F-11D3-BF4B-00C04F79EFBC}") = "Pentagon.Utilities.Console.Demo.Wpf", "src\Pentagon.Utilities.Console.Demo.Wpf\Pentagon.Utilities.Console.Demo.Wpf.csproj", "{891BFC42-8442-4199-BF05-C04BAD1D64FB}"
EndProject
Global
	GlobalSection(SolutionConfigurationPlatforms) = preSolution
		Debug|Any CPU = Debug|Any CPU
		Release|Any CPU = Release|Any CPU
	EndGlobalSection
	GlobalSection(ProjectConfigurationPlatforms) = postSolution
		{ECA1D9C0-38CF-421F-B9A3-EE094CB6651E}.Debug|Any CPU.ActiveCfg = Debug|Any CPU
		{ECA1D9C0-38CF-421F-B9A3-EE094CB6651E}.Debug|Any CPU.Build.0 = Debug|Any CPU
		{ECA1D9C0-38CF-421F-B9A3-EE094CB6651E}.Release|Any CPU.ActiveCfg = Release|Any CPU
		{ECA1D9C0-38CF-421F-B9A3-EE094CB6651E}.Release|Any CPU.Build.0 = Release|Any CPU
		{F7AFCAB8-DB33-45CC-9F3C-83E67386CCFC}.Debug|Any CPU.ActiveCfg = Debug|Any CPU
		{F7AFCAB8-DB33-45CC-9F3C-83E67386CCFC}.Debug|Any CPU.Build.0 = Debug|Any CPU
		{F7AFCAB8-DB33-45CC-9F3C-83E67386CCFC}.Release|Any CPU.ActiveCfg = Release|Any CPU
		{F7AFCAB8-DB33-45CC-9F3C-83E67386CCFC}.Release|Any CPU.Build.0 = Release|Any CPU
		{577D8FC1-ACB8-4E3E-BDFB-655623E82232}.Debug|Any CPU.ActiveCfg = Debug|Any CPU
		{577D8FC1-ACB8-4E3E-BDFB-655623E82232}.Debug|Any CPU.Build.0 = Debug|Any CPU
		{577D8FC1-ACB8-4E3E-BDFB-655623E82232}.Release|Any CPU.ActiveCfg = Release|Any CPU
		{577D8FC1-ACB8-4E3E-BDFB-655623E82232}.Release|Any CPU.Build.0 = Release|Any CPU
		{49968A01-9DD5-424A-8562-B29A29CFA8D8}.Debug|Any CPU.ActiveCfg = Debug|Any CPU
		{49968A01-9DD5-424A-8562-B29A29CFA8D8}.Debug|Any CPU.Build.0 = Debug|Any CPU
		{49968A01-9DD5-424A-8562-B29A29CFA8D8}.Release|Any CPU.ActiveCfg = Release|Any CPU
		{49968A01-9DD5-424A-8562-B29A29CFA8D8}.Release|Any CPU.Build.0 = Release|Any CPU
		{8EB153F0-09A7-4C36-BCA9-78A638573506}.Debug|Any CPU.ActiveCfg = Debug|Any CPU
		{8EB153F0-09A7-4C36-BCA9-78A638573506}.Debug|Any CPU.Build.0 = Debug|Any CPU
		{8EB153F0-09A7-4C36-BCA9-78A638573506}.Release|Any CPU.ActiveCfg = Release|Any CPU
		{8EB153F0-09A7-4C36-BCA9-78A638573506}.Release|Any CPU.Build.0 = Release|Any CPU
		{E45FBB92-13A7-4754-A584-3BCAAE0884A0}.Debug|Any CPU.ActiveCfg = Debug|Any CPU
		{E45FBB92-13A7-4754-A584-3BCAAE0884A0}.Debug|Any CPU.Build.0 = Debug|Any CPU
		{E45FBB92-13A7-4754-A584-3BCAAE0884A0}.Release|Any CPU.ActiveCfg = Release|Any CPU
		{E45FBB92-13A7-4754-A584-3BCAAE0884A0}.Release|Any CPU.Build.0 = Release|Any CPU
		{4C50C6A1-A7D8-4306-B434-38BD97857A54}.Debug|Any CPU.ActiveCfg = Debug|Any CPU
		{4C50C6A1-A7D8-4306-B434-38BD97857A54}.Debug|Any CPU.Build.0 = Debug|Any CPU
		{4C50C6A1-A7D8-4306-B434-38BD97857A54}.Release|Any CPU.ActiveCfg = Release|Any CPU
		{4C50C6A1-A7D8-4306-B434-38BD97857A54}.Release|Any CPU.Build.0 = Release|Any CPU
		{62E83F4C-8951-41E0-8106-25750936AB14}.Debug|Any CPU.ActiveCfg = Debug|Any CPU
		{62E83F4C-8951-41E0-8106-25750936AB14}.Debug|Any CPU.Build.0 = Debug|Any CPU
		{62E83F4C-8951-41E0-8106-25750936AB14}.Release|Any CPU.ActiveCfg = Release|Any CPU
		{62E83F4C-8951-41E0-8106-25750936AB14}.Release|Any CPU.Build.0 = Release|Any CPU
		{0B0E4DF4-4AC6-413F-A7AE-032ED51700CA}.Debug|Any CPU.ActiveCfg = Debug|Any CPU
		{0B0E4DF4-4AC6-413F-A7AE-032ED51700CA}.Debug|Any CPU.Build.0 = Debug|Any CPU
		{0B0E4DF4-4AC6-413F-A7AE-032ED51700CA}.Release|Any CPU.ActiveCfg = Release|Any CPU
		{0B0E4DF4-4AC6-413F-A7AE-032ED51700CA}.Release|Any CPU.Build.0 = Release|Any CPU
		{D933F702-5103-4E79-B4D4-B67668506107}.Debug|Any CPU.ActiveCfg = Debug|Any CPU
		{D933F702-5103-4E79-B4D4-B67668506107}.Debug|Any CPU.Build.0 = Debug|Any CPU
		{D933F702-5103-4E79-B4D4-B67668506107}.Release|Any CPU.ActiveCfg = Release|Any CPU
		{D933F702-5103-4E79-B4D4-B67668506107}.Release|Any CPU.Build.0 = Release|Any CPU
		{E992E033-6960-4402-90D6-84062B71EFE9}.Debug|Any CPU.ActiveCfg = Debug|Any CPU
		{E992E033-6960-4402-90D6-84062B71EFE9}.Debug|Any CPU.Build.0 = Debug|Any CPU
		{E992E033-6960-4402-90D6-84062B71EFE9}.Release|Any CPU.ActiveCfg = Release|Any CPU
		{E992E033-6960-4402-90D6-84062B71EFE9}.Release|Any CPU.Build.0 = Release|Any CPU
		{B2994854-C21C-4785-954E-43C79869727E}.Debug|Any CPU.ActiveCfg = Debug|Any CPU
		{B2994854-C21C-4785-954E-43C79869727E}.Debug|Any CPU.Build.0 = Debug|Any CPU
		{B2994854-C21C-4785-954E-43C79869727E}.Release|Any CPU.ActiveCfg = Release|Any CPU
		{B2994854-C21C-4785-954E-43C79869727E}.Release|Any CPU.Build.0 = Release|Any CPU
		{891BFC42-8442-4199-BF05-C04BAD1D64FB}.Debug|Any CPU.ActiveCfg = Debug|Any CPU
		{891BFC42-8442-4199-BF05-C04BAD1D64FB}.Debug|Any CPU.Build.0 = Debug|Any CPU
		{891BFC42-8442-4199-BF05-C04BAD1D64FB}.Release|Any CPU.ActiveCfg = Release|Any CPU
		{891BFC42-8442-4199-BF05-C04BAD1D64FB}.Release|Any CPU.Build.0 = Release|Any CPU
	EndGlobalSection
	GlobalSection(SolutionProperties) = preSolution
		HideSolutionNode = FALSE
	EndGlobalSection
	GlobalSection(NestedProjects) = preSolution
		{577D8FC1-ACB8-4E3E-BDFB-655623E82232} = {B7A6AD43-9A7A-4434-92FD-447222C8714D}
		{4C50C6A1-A7D8-4306-B434-38BD97857A54} = {B7A6AD43-9A7A-4434-92FD-447222C8714D}
		{62E83F4C-8951-41E0-8106-25750936AB14} = {14A526D6-E6D5-47F4-8B51-0F5AF4DBD444}
		{891BFC42-8442-4199-BF05-C04BAD1D64FB} = {14A526D6-E6D5-47F4-8B51-0F5AF4DBD444}
	EndGlobalSection
	GlobalSection(ExtensibilityGlobals) = postSolution
		SolutionGuid = {5E31A500-F437-46F4-914E-C3E00628C9F3}
	EndGlobalSection
EndGlobal
