
Microsoft Visual Studio Solution File, Format Version 12.00
# Visual Studio 15
VisualStudioVersion = 15.0.27130.0
MinimumVisualStudioVersion = 10.0.40219.1
Project("{9A19103F-16F7-4668-BE54-9A1E7A4F7556}") = "Pentagon.Maths", "src\Pentagon.Maths\Pentagon.Maths.csproj", "{ECA1D9C0-38CF-421F-B9A3-EE094CB6651E}"
EndProject
Project("{2150E333-8FDC-42A3-9474-1A3956D46DE8}") = "Tests", "Tests", "{B7A6AD43-9A7A-4434-92FD-447222C8714D}"
EndProject
Project("{9A19103F-16F7-4668-BE54-9A1E7A4F7556}") = "Pentagon.Maths.Tests", "tests\Pentagon.Maths.Tests\Pentagon.Maths.Tests.csproj", "{4C50C6A1-A7D8-4306-B434-38BD97857A54}"
EndProject
Project("{2150E333-8FDC-42A3-9474-1A3956D46DE8}") = "Samples", "Samples", "{101B8FBB-5E1E-4779-926C-C162D290D608}"
EndProject
Project("{9A19103F-16F7-4668-BE54-9A1E7A4F7556}") = "Pentagon.Maths.SignalProcessing.Demo", "samples\Pentagon.Maths.SignalProcessing.Demo\Pentagon.Maths.SignalProcessing.Demo.csproj", "{2C311383-73CE-482D-B8F1-8C59E3FEE168}"
EndProject
Project("{9A19103F-16F7-4668-BE54-9A1E7A4F7556}") = "Pentagon.Maths.SignalProcessing", "src\Pentagon.Maths.SignalProcessing\Pentagon.Maths.SignalProcessing.csproj", "{B54DCBB6-682E-4435-B404-306BB54131C3}"
EndProject
Project("{FAE04EC0-301F-11D3-BF4B-00C04F79EFBC}") = "Pentagon.Maths.Expressions", "src\Pentagon.Maths.Expressions\Pentagon.Maths.Expressions.csproj", "{2DA3F134-0BD8-4BB0-8036-1E734DF9335C}"
EndProject
Project("{FAE04EC0-301F-11D3-BF4B-00C04F79EFBC}") = "Pentagon.Maths.UnitSystem", "src\Pentagon.Maths.UnitSystem\Pentagon.Maths.UnitSystem.csproj", "{1C5F1FC6-47EA-49B8-8EDB-2D649EA62942}"
EndProject
Project("{FAE04EC0-301F-11D3-BF4B-00C04F79EFBC}") = "Pentagon.Maths.PathFinding", "src\Pentagon.Maths.PathFinding\Pentagon.Maths.PathFinding.csproj", "{FDB6B454-49EC-4208-9A6A-9229B139F270}"
EndProject
Global
	GlobalSection(SolutionConfigurationPlatforms) = preSolution
		Debug|Any CPU = Debug|Any CPU
		Release|Any CPU = Release|Any CPU
	EndGlobalSection
	GlobalSection(ProjectConfigurationPlatforms) = postSolution
		{ECA1D9C0-38CF-421F-B9A3-EE094CB6651E}.Debug|Any CPU.ActiveCfg = Debug|Any CPU
		{ECA1D9C0-38CF-421F-B9A3-EE094CB6651E}.Debug|Any CPU.Build.0 = Debug|Any CPU
		{ECA1D9C0-38CF-421F-B9A3-EE094CB6651E}.Release|Any CPU.ActiveCfg = Release|Any CPU
		{ECA1D9C0-38CF-421F-B9A3-EE094CB6651E}.Release|Any CPU.Build.0 = Release|Any CPU
		{4C50C6A1-A7D8-4306-B434-38BD97857A54}.Debug|Any CPU.ActiveCfg = Debug|Any CPU
		{4C50C6A1-A7D8-4306-B434-38BD97857A54}.Debug|Any CPU.Build.0 = Debug|Any CPU
		{4C50C6A1-A7D8-4306-B434-38BD97857A54}.Release|Any CPU.ActiveCfg = Release|Any CPU
		{4C50C6A1-A7D8-4306-B434-38BD97857A54}.Release|Any CPU.Build.0 = Release|Any CPU
		{2C311383-73CE-482D-B8F1-8C59E3FEE168}.Debug|Any CPU.ActiveCfg = Debug|Any CPU
		{2C311383-73CE-482D-B8F1-8C59E3FEE168}.Debug|Any CPU.Build.0 = Debug|Any CPU
		{2C311383-73CE-482D-B8F1-8C59E3FEE168}.Release|Any CPU.ActiveCfg = Release|Any CPU
		{2C311383-73CE-482D-B8F1-8C59E3FEE168}.Release|Any CPU.Build.0 = Release|Any CPU
		{B54DCBB6-682E-4435-B404-306BB54131C3}.Debug|Any CPU.ActiveCfg = Debug|Any CPU
		{B54DCBB6-682E-4435-B404-306BB54131C3}.Debug|Any CPU.Build.0 = Debug|Any CPU
		{B54DCBB6-682E-4435-B404-306BB54131C3}.Release|Any CPU.ActiveCfg = Release|Any CPU
		{B54DCBB6-682E-4435-B404-306BB54131C3}.Release|Any CPU.Build.0 = Release|Any CPU
		{2DA3F134-0BD8-4BB0-8036-1E734DF9335C}.Debug|Any CPU.ActiveCfg = Debug|Any CPU
		{2DA3F134-0BD8-4BB0-8036-1E734DF9335C}.Debug|Any CPU.Build.0 = Debug|Any CPU
		{2DA3F134-0BD8-4BB0-8036-1E734DF9335C}.Release|Any CPU.ActiveCfg = Release|Any CPU
		{2DA3F134-0BD8-4BB0-8036-1E734DF9335C}.Release|Any CPU.Build.0 = Release|Any CPU
		{1C5F1FC6-47EA-49B8-8EDB-2D649EA62942}.Debug|Any CPU.ActiveCfg = Debug|Any CPU
		{1C5F1FC6-47EA-49B8-8EDB-2D649EA62942}.Debug|Any CPU.Build.0 = Debug|Any CPU
		{1C5F1FC6-47EA-49B8-8EDB-2D649EA62942}.Release|Any CPU.ActiveCfg = Release|Any CPU
		{1C5F1FC6-47EA-49B8-8EDB-2D649EA62942}.Release|Any CPU.Build.0 = Release|Any CPU
		{FDB6B454-49EC-4208-9A6A-9229B139F270}.Debug|Any CPU.ActiveCfg = Debug|Any CPU
		{FDB6B454-49EC-4208-9A6A-9229B139F270}.Debug|Any CPU.Build.0 = Debug|Any CPU
		{FDB6B454-49EC-4208-9A6A-9229B139F270}.Release|Any CPU.ActiveCfg = Release|Any CPU
		{FDB6B454-49EC-4208-9A6A-9229B139F270}.Release|Any CPU.Build.0 = Release|Any CPU
	EndGlobalSection
	GlobalSection(SolutionProperties) = preSolution
		HideSolutionNode = FALSE
	EndGlobalSection
	GlobalSection(NestedProjects) = preSolution
		{4C50C6A1-A7D8-4306-B434-38BD97857A54} = {B7A6AD43-9A7A-4434-92FD-447222C8714D}
		{2C311383-73CE-482D-B8F1-8C59E3FEE168} = {101B8FBB-5E1E-4779-926C-C162D290D608}
	EndGlobalSection
	GlobalSection(ExtensibilityGlobals) = postSolution
		SolutionGuid = {5E31A500-F437-46F4-914E-C3E00628C9F3}
	EndGlobalSection
EndGlobal
