
Microsoft Visual Studio Solution File, Format Version 12.00
# Visual Studio 15
VisualStudioVersion = 15.0.26730.12
MinimumVisualStudioVersion = 10.0.40219.1
Project("{9A19103F-16F7-4668-BE54-9A1E7A4F7556}") = "Pentagon.Maths", "src\Pentagon.Maths\Pentagon.Maths.csproj", "{ECA1D9C0-38CF-421F-B9A3-EE094CB6651E}"
EndProject
Project("{2150E333-8FDC-42A3-9474-1A3956D46DE8}") = "Tests", "Tests", "{B7A6AD43-9A7A-4434-92FD-447222C8714D}"
EndProject
Project("{9A19103F-16F7-4668-BE54-9A1E7A4F7556}") = "Pentagon.Maths.Tests", "tests\Pentagon.Maths.Tests\Pentagon.Maths.Tests.csproj", "{4C50C6A1-A7D8-4306-B434-38BD97857A54}"
EndProject
Global
	GlobalSection(SolutionConfigurationPlatforms) = preSolution
		Debug|Any CPU = Debug|Any CPU
		Release|Any CPU = Release|Any CPU
	EndGlobalSection
	GlobalSection(ProjectConfigurationPlatforms) = postSolution
		{ECA1D9C0-38CF-421F-B9A3-EE094CB6651E}.Debug|Any CPU.ActiveCfg = Debug|Any CPU
		{ECA1D9C0-38CF-421F-B9A3-EE094CB6651E}.Debug|Any CPU.Build.0 = Debug|Any CPU
		{ECA1D9C0-38CF-421F-B9A3-EE094CB6651E}.Release|Any CPU.ActiveCfg = Release|Any CPU
		{ECA1D9C0-38CF-421F-B9A3-EE094CB6651E}.Release|Any CPU.Build.0 = Release|Any CPU
		{4C50C6A1-A7D8-4306-B434-38BD97857A54}.Debug|Any CPU.ActiveCfg = Debug|Any CPU
		{4C50C6A1-A7D8-4306-B434-38BD97857A54}.Debug|Any CPU.Build.0 = Debug|Any CPU
		{4C50C6A1-A7D8-4306-B434-38BD97857A54}.Release|Any CPU.ActiveCfg = Release|Any CPU
		{4C50C6A1-A7D8-4306-B434-38BD97857A54}.Release|Any CPU.Build.0 = Release|Any CPU
	EndGlobalSection
	GlobalSection(SolutionProperties) = preSolution
		HideSolutionNode = FALSE
	EndGlobalSection
	GlobalSection(NestedProjects) = preSolution
		{4C50C6A1-A7D8-4306-B434-38BD97857A54} = {B7A6AD43-9A7A-4434-92FD-447222C8714D}
	EndGlobalSection
	GlobalSection(ExtensibilityGlobals) = postSolution
		SolutionGuid = {5E31A500-F437-46F4-914E-C3E00628C9F3}
	EndGlobalSection
EndGlobal
